
Microsoft Visual Studio Solution File, Format Version 12.00
# Visual Studio 2013
VisualStudioVersion = 12.0.31101.0
MinimumVisualStudioVersion = 10.0.40219.1
Project("{8BC9CEB8-8B4A-11D0-8D11-00A0C91BC942}") = "EnginePancake", "Engine\Engine.vcxproj", "{BD50ED62-4180-48A3-9471-C4DACE557FD9}"
EndProject
Project("{8BC9CEB8-8B4A-11D0-8D11-00A0C91BC942}") = "Game", "Game\Game.vcxproj", "{D81A2E95-8B9E-4EC9-96B3-FD49B21742DA}"
	ProjectSection(ProjectDependencies) = postProject
		{6C3A0E1E-5F36-47D7-B08D-A552AC5EC989} = {6C3A0E1E-5F36-47D7-B08D-A552AC5EC989}
		{F134B250-AE9A-4839-B424-068A5BCA82CB} = {F134B250-AE9A-4839-B424-068A5BCA82CB}
		{BD50ED62-4180-48A3-9471-C4DACE557FD9} = {BD50ED62-4180-48A3-9471-C4DACE557FD9}
		{9FEAAB94-8EC8-4A60-A9D2-453EBA9DA2B9} = {9FEAAB94-8EC8-4A60-A9D2-453EBA9DA2B9}
		{C07543A9-071D-4B0D-8857-7E5C2F377194} = {C07543A9-071D-4B0D-8857-7E5C2F377194}
		{59F1D1E6-3E1D-4DD3-AB9A-17E411236C5A} = {59F1D1E6-3E1D-4DD3-AB9A-17E411236C5A}
		{D1667FF1-6054-440B-B5CB-3A30D830E4C8} = {D1667FF1-6054-440B-B5CB-3A30D830E4C8}
	EndProjectSection
EndProject
Project("{8BC9CEB8-8B4A-11D0-8D11-00A0C91BC942}") = "mruby", "mruby\mruby.vcxproj", "{F134B250-AE9A-4839-B424-068A5BCA82CB}"
EndProject
Project("{8BC9CEB8-8B4A-11D0-8D11-00A0C91BC942}") = "ResourceReader", "ResourceReader\ResourceReader.vcxproj", "{59F1D1E6-3E1D-4DD3-AB9A-17E411236C5A}"
EndProject
Project("{8BC9CEB8-8B4A-11D0-8D11-00A0C91BC942}") = "Helpers", "Helpers\Helpers.vcxproj", "{9FEAAB94-8EC8-4A60-A9D2-453EBA9DA2B9}"
EndProject
Project("{8BC9CEB8-8B4A-11D0-8D11-00A0C91BC942}") = "json", "json\json.vcxproj", "{D1667FF1-6054-440B-B5CB-3A30D830E4C8}"
EndProject
Project("{8BC9CEB8-8B4A-11D0-8D11-00A0C91BC942}") = "FMOD", "FMOD\FMOD.vcxproj", "{6C3A0E1E-5F36-47D7-B08D-A552AC5EC989}"
EndProject
Project("{8BC9CEB8-8B4A-11D0-8D11-00A0C91BC942}") = "PropertyAPI", "PropertyAPI\PropertyAPI.vcxproj", "{C07543A9-071D-4B0D-8857-7E5C2F377194}"
EndProject
Project("{FAE04EC0-301F-11D3-BF4B-00C04F79EFBC}") = "Installer", "Installer\Installer.csproj", "{0D9ED505-B4AB-4938-88C0-FEA7F20D02D7}"
EndProject
Global
	GlobalSection(SolutionConfigurationPlatforms) = preSolution
		AVX|Any CPU = AVX|Any CPU
		AVX|Mixed Platforms = AVX|Mixed Platforms
		AVX|x64 = AVX|x64
		Debug|Any CPU = Debug|Any CPU
		Debug|Mixed Platforms = Debug|Mixed Platforms
		Debug|x64 = Debug|x64
		Release|Any CPU = Release|Any CPU
		Release|Mixed Platforms = Release|Mixed Platforms
		Release|x64 = Release|x64
	EndGlobalSection
	GlobalSection(ProjectConfigurationPlatforms) = postSolution
		{BD50ED62-4180-48A3-9471-C4DACE557FD9}.AVX|Any CPU.ActiveCfg = AVX|x64
		{BD50ED62-4180-48A3-9471-C4DACE557FD9}.AVX|Mixed Platforms.ActiveCfg = AVX|x64
		{BD50ED62-4180-48A3-9471-C4DACE557FD9}.AVX|Mixed Platforms.Build.0 = AVX|x64
		{BD50ED62-4180-48A3-9471-C4DACE557FD9}.AVX|x64.ActiveCfg = AVX|x64
		{BD50ED62-4180-48A3-9471-C4DACE557FD9}.AVX|x64.Build.0 = AVX|x64
		{BD50ED62-4180-48A3-9471-C4DACE557FD9}.Debug|Any CPU.ActiveCfg = Debug|x64
		{BD50ED62-4180-48A3-9471-C4DACE557FD9}.Debug|Mixed Platforms.ActiveCfg = Debug|x64
		{BD50ED62-4180-48A3-9471-C4DACE557FD9}.Debug|Mixed Platforms.Build.0 = Debug|x64
		{BD50ED62-4180-48A3-9471-C4DACE557FD9}.Debug|x64.ActiveCfg = Debug|x64
		{BD50ED62-4180-48A3-9471-C4DACE557FD9}.Debug|x64.Build.0 = Debug|x64
		{BD50ED62-4180-48A3-9471-C4DACE557FD9}.Release|Any CPU.ActiveCfg = Release|x64
		{BD50ED62-4180-48A3-9471-C4DACE557FD9}.Release|Mixed Platforms.ActiveCfg = Release|x64
		{BD50ED62-4180-48A3-9471-C4DACE557FD9}.Release|Mixed Platforms.Build.0 = Release|x64
		{BD50ED62-4180-48A3-9471-C4DACE557FD9}.Release|x64.ActiveCfg = Release|x64
		{BD50ED62-4180-48A3-9471-C4DACE557FD9}.Release|x64.Build.0 = Release|x64
		{D81A2E95-8B9E-4EC9-96B3-FD49B21742DA}.AVX|Any CPU.ActiveCfg = AVX|x64
		{D81A2E95-8B9E-4EC9-96B3-FD49B21742DA}.AVX|Mixed Platforms.ActiveCfg = AVX|x64
		{D81A2E95-8B9E-4EC9-96B3-FD49B21742DA}.AVX|Mixed Platforms.Build.0 = AVX|x64
		{D81A2E95-8B9E-4EC9-96B3-FD49B21742DA}.AVX|x64.ActiveCfg = AVX|x64
		{D81A2E95-8B9E-4EC9-96B3-FD49B21742DA}.AVX|x64.Build.0 = AVX|x64
		{D81A2E95-8B9E-4EC9-96B3-FD49B21742DA}.Debug|Any CPU.ActiveCfg = Debug|x64
		{D81A2E95-8B9E-4EC9-96B3-FD49B21742DA}.Debug|Mixed Platforms.ActiveCfg = Debug|x64
		{D81A2E95-8B9E-4EC9-96B3-FD49B21742DA}.Debug|Mixed Platforms.Build.0 = Debug|x64
		{D81A2E95-8B9E-4EC9-96B3-FD49B21742DA}.Debug|x64.ActiveCfg = Debug|x64
		{D81A2E95-8B9E-4EC9-96B3-FD49B21742DA}.Debug|x64.Build.0 = Debug|x64
		{D81A2E95-8B9E-4EC9-96B3-FD49B21742DA}.Release|Any CPU.ActiveCfg = Release|x64
		{D81A2E95-8B9E-4EC9-96B3-FD49B21742DA}.Release|Mixed Platforms.ActiveCfg = Release|x64
		{D81A2E95-8B9E-4EC9-96B3-FD49B21742DA}.Release|Mixed Platforms.Build.0 = Release|x64
		{D81A2E95-8B9E-4EC9-96B3-FD49B21742DA}.Release|x64.ActiveCfg = Release|x64
		{D81A2E95-8B9E-4EC9-96B3-FD49B21742DA}.Release|x64.Build.0 = Release|x64
		{F134B250-AE9A-4839-B424-068A5BCA82CB}.AVX|Any CPU.ActiveCfg = AVX|x64
		{F134B250-AE9A-4839-B424-068A5BCA82CB}.AVX|Mixed Platforms.ActiveCfg = AVX|x64
		{F134B250-AE9A-4839-B424-068A5BCA82CB}.AVX|Mixed Platforms.Build.0 = AVX|x64
		{F134B250-AE9A-4839-B424-068A5BCA82CB}.AVX|x64.ActiveCfg = AVX|x64
		{F134B250-AE9A-4839-B424-068A5BCA82CB}.AVX|x64.Build.0 = AVX|x64
		{F134B250-AE9A-4839-B424-068A5BCA82CB}.Debug|Any CPU.ActiveCfg = Debug|x64
		{F134B250-AE9A-4839-B424-068A5BCA82CB}.Debug|Mixed Platforms.ActiveCfg = Debug|x64
		{F134B250-AE9A-4839-B424-068A5BCA82CB}.Debug|Mixed Platforms.Build.0 = Debug|x64
		{F134B250-AE9A-4839-B424-068A5BCA82CB}.Debug|x64.ActiveCfg = Debug|x64
		{F134B250-AE9A-4839-B424-068A5BCA82CB}.Debug|x64.Build.0 = Debug|x64
		{F134B250-AE9A-4839-B424-068A5BCA82CB}.Release|Any CPU.ActiveCfg = Release|x64
		{F134B250-AE9A-4839-B424-068A5BCA82CB}.Release|Mixed Platforms.ActiveCfg = Release|x64
		{F134B250-AE9A-4839-B424-068A5BCA82CB}.Release|Mixed Platforms.Build.0 = Release|x64
		{F134B250-AE9A-4839-B424-068A5BCA82CB}.Release|x64.ActiveCfg = Release|x64
		{F134B250-AE9A-4839-B424-068A5BCA82CB}.Release|x64.Build.0 = Release|x64
		{59F1D1E6-3E1D-4DD3-AB9A-17E411236C5A}.AVX|Any CPU.ActiveCfg = AVX|x64
		{59F1D1E6-3E1D-4DD3-AB9A-17E411236C5A}.AVX|Mixed Platforms.ActiveCfg = AVX|x64
		{59F1D1E6-3E1D-4DD3-AB9A-17E411236C5A}.AVX|Mixed Platforms.Build.0 = AVX|x64
		{59F1D1E6-3E1D-4DD3-AB9A-17E411236C5A}.AVX|x64.ActiveCfg = AVX|x64
		{59F1D1E6-3E1D-4DD3-AB9A-17E411236C5A}.AVX|x64.Build.0 = AVX|x64
		{59F1D1E6-3E1D-4DD3-AB9A-17E411236C5A}.Debug|Any CPU.ActiveCfg = Debug|x64
		{59F1D1E6-3E1D-4DD3-AB9A-17E411236C5A}.Debug|Mixed Platforms.ActiveCfg = Debug|x64
		{59F1D1E6-3E1D-4DD3-AB9A-17E411236C5A}.Debug|Mixed Platforms.Build.0 = Debug|x64
		{59F1D1E6-3E1D-4DD3-AB9A-17E411236C5A}.Debug|x64.ActiveCfg = Debug|x64
		{59F1D1E6-3E1D-4DD3-AB9A-17E411236C5A}.Debug|x64.Build.0 = Debug|x64
		{59F1D1E6-3E1D-4DD3-AB9A-17E411236C5A}.Release|Any CPU.ActiveCfg = Release|x64
		{59F1D1E6-3E1D-4DD3-AB9A-17E411236C5A}.Release|Mixed Platforms.ActiveCfg = Release|x64
		{59F1D1E6-3E1D-4DD3-AB9A-17E411236C5A}.Release|Mixed Platforms.Build.0 = Release|x64
		{59F1D1E6-3E1D-4DD3-AB9A-17E411236C5A}.Release|x64.ActiveCfg = Release|x64
		{59F1D1E6-3E1D-4DD3-AB9A-17E411236C5A}.Release|x64.Build.0 = Release|x64
		{9FEAAB94-8EC8-4A60-A9D2-453EBA9DA2B9}.AVX|Any CPU.ActiveCfg = AVX|x64
		{9FEAAB94-8EC8-4A60-A9D2-453EBA9DA2B9}.AVX|Mixed Platforms.ActiveCfg = AVX|x64
		{9FEAAB94-8EC8-4A60-A9D2-453EBA9DA2B9}.AVX|Mixed Platforms.Build.0 = AVX|x64
		{9FEAAB94-8EC8-4A60-A9D2-453EBA9DA2B9}.AVX|x64.ActiveCfg = AVX|x64
		{9FEAAB94-8EC8-4A60-A9D2-453EBA9DA2B9}.AVX|x64.Build.0 = AVX|x64
		{9FEAAB94-8EC8-4A60-A9D2-453EBA9DA2B9}.Debug|Any CPU.ActiveCfg = Debug|x64
		{9FEAAB94-8EC8-4A60-A9D2-453EBA9DA2B9}.Debug|Mixed Platforms.ActiveCfg = Debug|x64
		{9FEAAB94-8EC8-4A60-A9D2-453EBA9DA2B9}.Debug|Mixed Platforms.Build.0 = Debug|x64
		{9FEAAB94-8EC8-4A60-A9D2-453EBA9DA2B9}.Debug|x64.ActiveCfg = Debug|x64
		{9FEAAB94-8EC8-4A60-A9D2-453EBA9DA2B9}.Debug|x64.Build.0 = Debug|x64
		{9FEAAB94-8EC8-4A60-A9D2-453EBA9DA2B9}.Release|Any CPU.ActiveCfg = Release|x64
		{9FEAAB94-8EC8-4A60-A9D2-453EBA9DA2B9}.Release|Mixed Platforms.ActiveCfg = Release|x64
		{9FEAAB94-8EC8-4A60-A9D2-453EBA9DA2B9}.Release|Mixed Platforms.Build.0 = Release|x64
		{9FEAAB94-8EC8-4A60-A9D2-453EBA9DA2B9}.Release|x64.ActiveCfg = Release|x64
		{9FEAAB94-8EC8-4A60-A9D2-453EBA9DA2B9}.Release|x64.Build.0 = Release|x64
		{D1667FF1-6054-440B-B5CB-3A30D830E4C8}.AVX|Any CPU.ActiveCfg = AVX|x64
		{D1667FF1-6054-440B-B5CB-3A30D830E4C8}.AVX|Mixed Platforms.ActiveCfg = AVX|x64
		{D1667FF1-6054-440B-B5CB-3A30D830E4C8}.AVX|Mixed Platforms.Build.0 = AVX|x64
		{D1667FF1-6054-440B-B5CB-3A30D830E4C8}.AVX|x64.ActiveCfg = AVX|x64
		{D1667FF1-6054-440B-B5CB-3A30D830E4C8}.AVX|x64.Build.0 = AVX|x64
		{D1667FF1-6054-440B-B5CB-3A30D830E4C8}.Debug|Any CPU.ActiveCfg = Debug|x64
		{D1667FF1-6054-440B-B5CB-3A30D830E4C8}.Debug|Mixed Platforms.ActiveCfg = Debug|x64
		{D1667FF1-6054-440B-B5CB-3A30D830E4C8}.Debug|Mixed Platforms.Build.0 = Debug|x64
		{D1667FF1-6054-440B-B5CB-3A30D830E4C8}.Debug|x64.ActiveCfg = Debug|x64
		{D1667FF1-6054-440B-B5CB-3A30D830E4C8}.Debug|x64.Build.0 = Debug|x64
		{D1667FF1-6054-440B-B5CB-3A30D830E4C8}.Release|Any CPU.ActiveCfg = Release|x64
		{D1667FF1-6054-440B-B5CB-3A30D830E4C8}.Release|Mixed Platforms.ActiveCfg = Release|x64
		{D1667FF1-6054-440B-B5CB-3A30D830E4C8}.Release|Mixed Platforms.Build.0 = Release|x64
		{D1667FF1-6054-440B-B5CB-3A30D830E4C8}.Release|x64.ActiveCfg = Release|x64
		{D1667FF1-6054-440B-B5CB-3A30D830E4C8}.Release|x64.Build.0 = Release|x64
		{6C3A0E1E-5F36-47D7-B08D-A552AC5EC989}.AVX|Any CPU.ActiveCfg = AVX|x64
		{6C3A0E1E-5F36-47D7-B08D-A552AC5EC989}.AVX|Mixed Platforms.ActiveCfg = AVX|x64
		{6C3A0E1E-5F36-47D7-B08D-A552AC5EC989}.AVX|Mixed Platforms.Build.0 = AVX|x64
		{6C3A0E1E-5F36-47D7-B08D-A552AC5EC989}.AVX|x64.ActiveCfg = AVX|x64
		{6C3A0E1E-5F36-47D7-B08D-A552AC5EC989}.AVX|x64.Build.0 = AVX|x64
		{6C3A0E1E-5F36-47D7-B08D-A552AC5EC989}.Debug|Any CPU.ActiveCfg = Debug|x64
		{6C3A0E1E-5F36-47D7-B08D-A552AC5EC989}.Debug|Mixed Platforms.ActiveCfg = Debug|x64
		{6C3A0E1E-5F36-47D7-B08D-A552AC5EC989}.Debug|Mixed Platforms.Build.0 = Debug|x64
		{6C3A0E1E-5F36-47D7-B08D-A552AC5EC989}.Debug|x64.ActiveCfg = Debug|x64
		{6C3A0E1E-5F36-47D7-B08D-A552AC5EC989}.Debug|x64.Build.0 = Debug|x64
		{6C3A0E1E-5F36-47D7-B08D-A552AC5EC989}.Release|Any CPU.ActiveCfg = Release|x64
		{6C3A0E1E-5F36-47D7-B08D-A552AC5EC989}.Release|Mixed Platforms.ActiveCfg = Release|x64
		{6C3A0E1E-5F36-47D7-B08D-A552AC5EC989}.Release|Mixed Platforms.Build.0 = Release|x64
		{6C3A0E1E-5F36-47D7-B08D-A552AC5EC989}.Release|x64.ActiveCfg = Release|x64
		{6C3A0E1E-5F36-47D7-B08D-A552AC5EC989}.Release|x64.Build.0 = Release|x64
		{C07543A9-071D-4B0D-8857-7E5C2F377194}.AVX|Any CPU.ActiveCfg = AVX|x64
		{C07543A9-071D-4B0D-8857-7E5C2F377194}.AVX|Mixed Platforms.ActiveCfg = AVX|x64
		{C07543A9-071D-4B0D-8857-7E5C2F377194}.AVX|Mixed Platforms.Build.0 = AVX|x64
		{C07543A9-071D-4B0D-8857-7E5C2F377194}.AVX|x64.ActiveCfg = AVX|x64
		{C07543A9-071D-4B0D-8857-7E5C2F377194}.AVX|x64.Build.0 = AVX|x64
		{C07543A9-071D-4B0D-8857-7E5C2F377194}.Debug|Any CPU.ActiveCfg = Debug|x64
		{C07543A9-071D-4B0D-8857-7E5C2F377194}.Debug|Mixed Platforms.ActiveCfg = Debug|x64
		{C07543A9-071D-4B0D-8857-7E5C2F377194}.Debug|Mixed Platforms.Build.0 = Debug|x64
		{C07543A9-071D-4B0D-8857-7E5C2F377194}.Debug|x64.ActiveCfg = Debug|x64
		{C07543A9-071D-4B0D-8857-7E5C2F377194}.Debug|x64.Build.0 = Debug|x64
		{C07543A9-071D-4B0D-8857-7E5C2F377194}.Release|Any CPU.ActiveCfg = Release|x64
		{C07543A9-071D-4B0D-8857-7E5C2F377194}.Release|Mixed Platforms.ActiveCfg = Release|x64
		{C07543A9-071D-4B0D-8857-7E5C2F377194}.Release|Mixed Platforms.Build.0 = Release|x64
		{C07543A9-071D-4B0D-8857-7E5C2F377194}.Release|x64.ActiveCfg = Release|x64
		{C07543A9-071D-4B0D-8857-7E5C2F377194}.Release|x64.Build.0 = Release|x64
		{0D9ED505-B4AB-4938-88C0-FEA7F20D02D7}.AVX|Any CPU.ActiveCfg = Release|Any CPU
		{0D9ED505-B4AB-4938-88C0-FEA7F20D02D7}.AVX|Any CPU.Build.0 = Release|Any CPU
		{0D9ED505-B4AB-4938-88C0-FEA7F20D02D7}.AVX|Mixed Platforms.ActiveCfg = Release|Any CPU
		{0D9ED505-B4AB-4938-88C0-FEA7F20D02D7}.AVX|Mixed Platforms.Build.0 = Release|Any CPU
		{0D9ED505-B4AB-4938-88C0-FEA7F20D02D7}.AVX|x64.ActiveCfg = Release|Any CPU
		{0D9ED505-B4AB-4938-88C0-FEA7F20D02D7}.Debug|Any CPU.ActiveCfg = Debug|Any CPU
		{0D9ED505-B4AB-4938-88C0-FEA7F20D02D7}.Debug|Any CPU.Build.0 = Debug|Any CPU
		{0D9ED505-B4AB-4938-88C0-FEA7F20D02D7}.Debug|Mixed Platforms.ActiveCfg = Debug|Any CPU
		{0D9ED505-B4AB-4938-88C0-FEA7F20D02D7}.Debug|Mixed Platforms.Build.0 = Debug|Any CPU
		{0D9ED505-B4AB-4938-88C0-FEA7F20D02D7}.Debug|x64.ActiveCfg = Debug|Any CPU
		{0D9ED505-B4AB-4938-88C0-FEA7F20D02D7}.Release|Any CPU.ActiveCfg = Release|Any CPU
		{0D9ED505-B4AB-4938-88C0-FEA7F20D02D7}.Release|Any CPU.Build.0 = Release|Any CPU
		{0D9ED505-B4AB-4938-88C0-FEA7F20D02D7}.Release|Mixed Platforms.ActiveCfg = Release|Any CPU
		{0D9ED505-B4AB-4938-88C0-FEA7F20D02D7}.Release|Mixed Platforms.Build.0 = Release|Any CPU
		{0D9ED505-B4AB-4938-88C0-FEA7F20D02D7}.Release|x64.ActiveCfg = Release|Any CPU
	EndGlobalSection
	GlobalSection(SolutionProperties) = preSolution
		HideSolutionNode = FALSE
	EndGlobalSection
EndGlobal
